%{
  "file_system": {:hex, :file_system, "0.2.10", "fb082005a9cd1711c05b5248710f8826b02d7d1784e7c3451f9c1231d4fc162d", [:mix], [], "hexpm", "41195edbfb562a593726eda3b3e8b103a309b733ad25f3d642ba49696bf715dc"},
  "test_iex": {:hex, :test_iex, "0.1.1", "62c52109889388e082303817624e7d0b8e6834a462c942492375574b2c7e109e", [:mix], [], "hexpm", "91144195c3bc0e7d5caa69889be55d04b790a16118d12390783d477d158325c2"},
  "tix": {:hex, :tix, "0.4.2", "91684a655b1d58dc2d325c46509d961f21a2024752d1470f48664343b2376e4d", [:mix], [{:file_system, "~> 0.2", [hex: :file_system, repo: "hexpm", optional: false]}, {:test_iex, "~> 0.1.1", [hex: :test_iex, repo: "hexpm", optional: false]}], "hexpm", "74c432db1afc3117a1c0ec37dc751c5135de0c46b021a947cabb7381d6cc5c7a"},
}
